
Microsoft Visual Studio Solution File, Format Version 12.00
# Visual Studio Version 17
VisualStudioVersion = 17.14.36414.22
MinimumVisualStudioVersion = 10.0.40219.1
Project("{2150E333-8FDC-42A3-9474-1A3956D46DE8}") = "Task0", "Task0", "{36D591C7-65C7-A0D1-1CBC-10CDE441BDC8}"
EndProject
Project("{FAE04EC0-301F-11D3-BF4B-00C04F79EFBC}") = "Tyuiu.FrankK.Sprint2.Task0.V8", "Tyuiu.FrankK.Sprint2.Task0.V8\Tyuiu.FrankK.Sprint2.Task0.V8.csproj", "{C1240860-8C04-4479-B6A2-553C6F774A2B}"
EndProject
Project("{FAE04EC0-301F-11D3-BF4B-00C04F79EFBC}") = "Tyuiu.FrankK.Sprint2.Task0.V8.Lib", "Tyuiu.FrankK.Sprint2.Task0.V8.Lib\Tyuiu.FrankK.Sprint2.Task0.V8.Lib.csproj", "{32ED466B-40E1-4F8A-88F3-5D380596932D}"
EndProject
Project("{FAE04EC0-301F-11D3-BF4B-00C04F79EFBC}") = "Tyuiu.FrankK.Sprint2.Task0.V8.Test", "Tyuiu.FrankK.Sprint2.Task0.V8.Test\Tyuiu.FrankK.Sprint2.Task0.V8.Test.csproj", "{86A8A089-0456-4044-8CD8-954AF2290477}"
EndProject
Project("{2150E333-8FDC-42A3-9474-1A3956D46DE8}") = "Task1", "Task1", "{79AFA79C-8AC7-4278-9318-38E3A600D31B}"
EndProject
Project("{2150E333-8FDC-42A3-9474-1A3956D46DE8}") = "Task2", "Task2", "{7F304F1A-85B8-4EFA-9952-E9FE6786E855}"
EndProject
Project("{2150E333-8FDC-42A3-9474-1A3956D46DE8}") = "Task3", "Task3", "{74B1A257-898A-4A0F-96CF-FF40AD0C54E1}"
EndProject
Project("{2150E333-8FDC-42A3-9474-1A3956D46DE8}") = "Task4", "Task4", "{21081F17-0458-46A4-B436-696BD0E17AF2}"
EndProject
Project("{2150E333-8FDC-42A3-9474-1A3956D46DE8}") = "Task5", "Task5", "{283A7C46-EE98-43EE-9DF3-BBD6229C3182}"
EndProject
Project("{2150E333-8FDC-42A3-9474-1A3956D46DE8}") = "Task6", "Task6", "{81990567-4BF8-4550-9513-4BEFFBAE6054}"
EndProject
Project("{2150E333-8FDC-42A3-9474-1A3956D46DE8}") = "Task7", "Task7", "{A2271513-4C65-4114-8554-34124C933FF8}"
EndProject
Project("{FAE04EC0-301F-11D3-BF4B-00C04F79EFBC}") = "Tyuiu.FrankK.Sprint2.Task1.V24", "Tyuiu.FrankK.Sprint2.Task1.V24\Tyuiu.FrankK.Sprint2.Task1.V24.csproj", "{F7AA9F20-10BA-4A71-B31A-AB20A54B85A7}"
EndProject
Project("{FAE04EC0-301F-11D3-BF4B-00C04F79EFBC}") = "Tyuiu.FrankK.Sprint2.Task1.V24.Test", "Tyuiu.FrankK.Sprint2.Task1.V24.Test\Tyuiu.FrankK.Sprint2.Task1.V24.Test.csproj", "{2818796B-80DF-4FBD-B3C3-A12D8AD2B59A}"
EndProject
Project("{FAE04EC0-301F-11D3-BF4B-00C04F79EFBC}") = "Tyuiu.FrankK.Sprint2.Task1.V24.Lib", "Tyuiu.FrankK.Sprint2.Task1.V24.Lib\Tyuiu.FrankK.Sprint2.Task1.V24.Lib.csproj", "{6A8A1A6B-87A2-4208-8F83-9F29C421DBCB}"
EndProject
Project("{FAE04EC0-301F-11D3-BF4B-00C04F79EFBC}") = "Tyuiu.FrankK.Sprint2.Task2.V30", "Tyuiu.FrankK.Sprint2.Task2.V30\Tyuiu.FrankK.Sprint2.Task2.V30.csproj", "{ADC33929-F46D-4F76-8673-0DA596017C3C}"
EndProject
Project("{FAE04EC0-301F-11D3-BF4B-00C04F79EFBC}") = "Tyuiu.FrankK.Sprint2.Task2.V30.Lib", "Tyuiu.FrankK.Sprint2.Task2.V30.Lib\Tyuiu.FrankK.Sprint2.Task2.V30.Lib.csproj", "{4A239CE3-C599-4104-988B-E8E2EA9DD424}"
EndProject
Project("{FAE04EC0-301F-11D3-BF4B-00C04F79EFBC}") = "Tyuiu.FrankK.Sprint2.Task2.V30.Test", "Tyuiu.FrankK.Sprint2.Task2.V30.Test\Tyuiu.FrankK.Sprint2.Task2.V30.Test.csproj", "{E455C434-BD43-4660-A614-CBDCBD26F713}"
EndProject
Project("{FAE04EC0-301F-11D3-BF4B-00C04F79EFBC}") = "Tyuiu.FrankK.Sprint2.Task3.V22", "Tyuiu.FrankK.Sprint2.Task3.V22\Tyuiu.FrankK.Sprint2.Task3.V22.csproj", "{9295CE3E-CD4D-4C29-A628-4E54D737C16E}"
EndProject
Project("{FAE04EC0-301F-11D3-BF4B-00C04F79EFBC}") = "Tyuiu.FrankK.Sprint2.Task3.V22.Lib", "Tyuiu.FrankK.Sprint2.Task3.V22.Lib\Tyuiu.FrankK.Sprint2.Task3.V22.Lib.csproj", "{42384F09-DE17-4816-BB02-93909B6E819D}"
EndProject
Project("{FAE04EC0-301F-11D3-BF4B-00C04F79EFBC}") = "Tyuiu.FrankK.Sprint2.Task3.V22.Test", "Tyuiu.FrankK.Sprint2.Task3.V22.Test\Tyuiu.FrankK.Sprint2.Task3.V22.Test.csproj", "{9F1CC3BC-D6FA-4634-B245-46113CE46709}"
EndProject
Project("{FAE04EC0-301F-11D3-BF4B-00C04F79EFBC}") = "Tyuiu.FrankK.Sprint2.Task4.V3", "Tyuiu.FrankK.Sprint2.Task4.V3\Tyuiu.FrankK.Sprint2.Task4.V3.csproj", "{D83759D7-E420-438C-B33E-4BCBEFCC8063}"
EndProject
Project("{FAE04EC0-301F-11D3-BF4B-00C04F79EFBC}") = "Tyuiu.FrankK.Sprint2.Task4.V3.Test", "Tyuiu.FrankK.Sprint2.Task4.V3.Test\Tyuiu.FrankK.Sprint2.Task4.V3.Test.csproj", "{2AD6FF8D-E78A-47EF-A3BD-715B408ADF28}"
EndProject
Project("{FAE04EC0-301F-11D3-BF4B-00C04F79EFBC}") = "Tyuiu.FrankK.Sprint2.Task4.V3.Lib", "Tyuiu.FrankK.Sprint2.Task4.V3.Lib\Tyuiu.FrankK.Sprint2.Task4.V3.Lib.csproj", "{57577162-C14E-4F7B-B5CC-9C3635F418B1}"
EndProject
Project("{FAE04EC0-301F-11D3-BF4B-00C04F79EFBC}") = "Tyuiu.FrankK.Sprint2.Task5.V5", "Tyuiu.FrankK.Sprint2.Task5.V5\Tyuiu.FrankK.Sprint2.Task5.V5.csproj", "{DEC13D13-B8E5-4C25-BCC2-E0861C3C8B6D}"
EndProject
Project("{FAE04EC0-301F-11D3-BF4B-00C04F79EFBC}") = "Tyuiu.FrankK.Sprint2.Task5.V5.Lib", "Tyuiu.FrankK.Sprint2.Task5.V5.Lib\Tyuiu.FrankK.Sprint2.Task5.V5.Lib.csproj", "{1C3A0C52-8F00-4CE0-AEC0-B31D7BAF4A21}"
EndProject
Project("{FAE04EC0-301F-11D3-BF4B-00C04F79EFBC}") = "Tyuiu.FrankK.Sprint2.Task5.V5.Test", "Tyuiu.FrankK.Sprint2.Task5.V5.Test\Tyuiu.FrankK.Sprint2.Task5.V5.Test.csproj", "{16650831-CBCB-420A-B334-220DEB26DAF5}"
EndProject
Project("{FAE04EC0-301F-11D3-BF4B-00C04F79EFBC}") = "Tyuiu.FrankK.Sprint2.Task6.V4", "Tyuiu.FrankK.Sprint2.Task6.V4\Tyuiu.FrankK.Sprint2.Task6.V4.csproj", "{A836534A-D779-4CE6-B22A-598C398B538A}"
EndProject
Project("{FAE04EC0-301F-11D3-BF4B-00C04F79EFBC}") = "Tyuiu.FrankK.Sprint2.Task6.V4.Test", "Tyuiu.FrankK.Sprint2.Task6.V4.Test\Tyuiu.FrankK.Sprint2.Task6.V4.Test.csproj", "{8187D262-84CE-4E0D-831D-005140A75A0F}"
EndProject
Project("{FAE04EC0-301F-11D3-BF4B-00C04F79EFBC}") = "Tyuiu.FrankK.Sprint2.Task6.V4.Lib", "Tyuiu.FrankK.Sprint2.Task6.V4.Lib\Tyuiu.FrankK.Sprint2.Task6.V4.Lib.csproj", "{728518E2-47DB-4DB3-AE3C-45A50A952147}"
EndProject
Global
	GlobalSection(SolutionConfigurationPlatforms) = preSolution
		Debug|Any CPU = Debug|Any CPU
		Release|Any CPU = Release|Any CPU
	EndGlobalSection
	GlobalSection(ProjectConfigurationPlatforms) = postSolution
		{C1240860-8C04-4479-B6A2-553C6F774A2B}.Debug|Any CPU.ActiveCfg = Debug|Any CPU
		{C1240860-8C04-4479-B6A2-553C6F774A2B}.Debug|Any CPU.Build.0 = Debug|Any CPU
		{C1240860-8C04-4479-B6A2-553C6F774A2B}.Release|Any CPU.ActiveCfg = Release|Any CPU
		{C1240860-8C04-4479-B6A2-553C6F774A2B}.Release|Any CPU.Build.0 = Release|Any CPU
		{32ED466B-40E1-4F8A-88F3-5D380596932D}.Debug|Any CPU.ActiveCfg = Debug|Any CPU
		{32ED466B-40E1-4F8A-88F3-5D380596932D}.Debug|Any CPU.Build.0 = Debug|Any CPU
		{32ED466B-40E1-4F8A-88F3-5D380596932D}.Release|Any CPU.ActiveCfg = Release|Any CPU
		{32ED466B-40E1-4F8A-88F3-5D380596932D}.Release|Any CPU.Build.0 = Release|Any CPU
		{86A8A089-0456-4044-8CD8-954AF2290477}.Debug|Any CPU.ActiveCfg = Debug|Any CPU
		{86A8A089-0456-4044-8CD8-954AF2290477}.Debug|Any CPU.Build.0 = Debug|Any CPU
		{86A8A089-0456-4044-8CD8-954AF2290477}.Release|Any CPU.ActiveCfg = Release|Any CPU
		{86A8A089-0456-4044-8CD8-954AF2290477}.Release|Any CPU.Build.0 = Release|Any CPU
		{F7AA9F20-10BA-4A71-B31A-AB20A54B85A7}.Debug|Any CPU.ActiveCfg = Debug|Any CPU
		{F7AA9F20-10BA-4A71-B31A-AB20A54B85A7}.Debug|Any CPU.Build.0 = Debug|Any CPU
		{F7AA9F20-10BA-4A71-B31A-AB20A54B85A7}.Release|Any CPU.ActiveCfg = Release|Any CPU
		{F7AA9F20-10BA-4A71-B31A-AB20A54B85A7}.Release|Any CPU.Build.0 = Release|Any CPU
		{2818796B-80DF-4FBD-B3C3-A12D8AD2B59A}.Debug|Any CPU.ActiveCfg = Debug|Any CPU
		{2818796B-80DF-4FBD-B3C3-A12D8AD2B59A}.Debug|Any CPU.Build.0 = Debug|Any CPU
		{2818796B-80DF-4FBD-B3C3-A12D8AD2B59A}.Release|Any CPU.ActiveCfg = Release|Any CPU
		{2818796B-80DF-4FBD-B3C3-A12D8AD2B59A}.Release|Any CPU.Build.0 = Release|Any CPU
		{6A8A1A6B-87A2-4208-8F83-9F29C421DBCB}.Debug|Any CPU.ActiveCfg = Debug|Any CPU
		{6A8A1A6B-87A2-4208-8F83-9F29C421DBCB}.Debug|Any CPU.Build.0 = Debug|Any CPU
		{6A8A1A6B-87A2-4208-8F83-9F29C421DBCB}.Release|Any CPU.ActiveCfg = Release|Any CPU
		{6A8A1A6B-87A2-4208-8F83-9F29C421DBCB}.Release|Any CPU.Build.0 = Release|Any CPU
		{ADC33929-F46D-4F76-8673-0DA596017C3C}.Debug|Any CPU.ActiveCfg = Debug|Any CPU
		{ADC33929-F46D-4F76-8673-0DA596017C3C}.Debug|Any CPU.Build.0 = Debug|Any CPU
		{ADC33929-F46D-4F76-8673-0DA596017C3C}.Release|Any CPU.ActiveCfg = Release|Any CPU
		{ADC33929-F46D-4F76-8673-0DA596017C3C}.Release|Any CPU.Build.0 = Release|Any CPU
		{4A239CE3-C599-4104-988B-E8E2EA9DD424}.Debug|Any CPU.ActiveCfg = Debug|Any CPU
		{4A239CE3-C599-4104-988B-E8E2EA9DD424}.Debug|Any CPU.Build.0 = Debug|Any CPU
		{4A239CE3-C599-4104-988B-E8E2EA9DD424}.Release|Any CPU.ActiveCfg = Release|Any CPU
		{4A239CE3-C599-4104-988B-E8E2EA9DD424}.Release|Any CPU.Build.0 = Release|Any CPU
		{E455C434-BD43-4660-A614-CBDCBD26F713}.Debug|Any CPU.ActiveCfg = Debug|Any CPU
		{E455C434-BD43-4660-A614-CBDCBD26F713}.Debug|Any CPU.Build.0 = Debug|Any CPU
		{E455C434-BD43-4660-A614-CBDCBD26F713}.Release|Any CPU.ActiveCfg = Release|Any CPU
		{E455C434-BD43-4660-A614-CBDCBD26F713}.Release|Any CPU.Build.0 = Release|Any CPU
		{9295CE3E-CD4D-4C29-A628-4E54D737C16E}.Debug|Any CPU.ActiveCfg = Debug|Any CPU
		{9295CE3E-CD4D-4C29-A628-4E54D737C16E}.Debug|Any CPU.Build.0 = Debug|Any CPU
		{9295CE3E-CD4D-4C29-A628-4E54D737C16E}.Release|Any CPU.ActiveCfg = Release|Any CPU
		{9295CE3E-CD4D-4C29-A628-4E54D737C16E}.Release|Any CPU.Build.0 = Release|Any CPU
		{42384F09-DE17-4816-BB02-93909B6E819D}.Debug|Any CPU.ActiveCfg = Debug|Any CPU
		{42384F09-DE17-4816-BB02-93909B6E819D}.Debug|Any CPU.Build.0 = Debug|Any CPU
		{42384F09-DE17-4816-BB02-93909B6E819D}.Release|Any CPU.ActiveCfg = Release|Any CPU
		{42384F09-DE17-4816-BB02-93909B6E819D}.Release|Any CPU.Build.0 = Release|Any CPU
		{9F1CC3BC-D6FA-4634-B245-46113CE46709}.Debug|Any CPU.ActiveCfg = Debug|Any CPU
		{9F1CC3BC-D6FA-4634-B245-46113CE46709}.Debug|Any CPU.Build.0 = Debug|Any CPU
		{9F1CC3BC-D6FA-4634-B245-46113CE46709}.Release|Any CPU.ActiveCfg = Release|Any CPU
		{9F1CC3BC-D6FA-4634-B245-46113CE46709}.Release|Any CPU.Build.0 = Release|Any CPU
		{D83759D7-E420-438C-B33E-4BCBEFCC8063}.Debug|Any CPU.ActiveCfg = Debug|Any CPU
		{D83759D7-E420-438C-B33E-4BCBEFCC8063}.Debug|Any CPU.Build.0 = Debug|Any CPU
		{D83759D7-E420-438C-B33E-4BCBEFCC8063}.Release|Any CPU.ActiveCfg = Release|Any CPU
		{D83759D7-E420-438C-B33E-4BCBEFCC8063}.Release|Any CPU.Build.0 = Release|Any CPU
		{2AD6FF8D-E78A-47EF-A3BD-715B408ADF28}.Debug|Any CPU.ActiveCfg = Debug|Any CPU
		{2AD6FF8D-E78A-47EF-A3BD-715B408ADF28}.Debug|Any CPU.Build.0 = Debug|Any CPU
		{2AD6FF8D-E78A-47EF-A3BD-715B408ADF28}.Release|Any CPU.ActiveCfg = Release|Any CPU
		{2AD6FF8D-E78A-47EF-A3BD-715B408ADF28}.Release|Any CPU.Build.0 = Release|Any CPU
		{57577162-C14E-4F7B-B5CC-9C3635F418B1}.Debug|Any CPU.ActiveCfg = Debug|Any CPU
		{57577162-C14E-4F7B-B5CC-9C3635F418B1}.Debug|Any CPU.Build.0 = Debug|Any CPU
		{57577162-C14E-4F7B-B5CC-9C3635F418B1}.Release|Any CPU.ActiveCfg = Release|Any CPU
		{57577162-C14E-4F7B-B5CC-9C3635F418B1}.Release|Any CPU.Build.0 = Release|Any CPU
		{DEC13D13-B8E5-4C25-BCC2-E0861C3C8B6D}.Debug|Any CPU.ActiveCfg = Debug|Any CPU
		{DEC13D13-B8E5-4C25-BCC2-E0861C3C8B6D}.Debug|Any CPU.Build.0 = Debug|Any CPU
		{DEC13D13-B8E5-4C25-BCC2-E0861C3C8B6D}.Release|Any CPU.ActiveCfg = Release|Any CPU
		{DEC13D13-B8E5-4C25-BCC2-E0861C3C8B6D}.Release|Any CPU.Build.0 = Release|Any CPU
		{1C3A0C52-8F00-4CE0-AEC0-B31D7BAF4A21}.Debug|Any CPU.ActiveCfg = Debug|Any CPU
		{1C3A0C52-8F00-4CE0-AEC0-B31D7BAF4A21}.Debug|Any CPU.Build.0 = Debug|Any CPU
		{1C3A0C52-8F00-4CE0-AEC0-B31D7BAF4A21}.Release|Any CPU.ActiveCfg = Release|Any CPU
		{1C3A0C52-8F00-4CE0-AEC0-B31D7BAF4A21}.Release|Any CPU.Build.0 = Release|Any CPU
		{16650831-CBCB-420A-B334-220DEB26DAF5}.Debug|Any CPU.ActiveCfg = Debug|Any CPU
		{16650831-CBCB-420A-B334-220DEB26DAF5}.Debug|Any CPU.Build.0 = Debug|Any CPU
		{16650831-CBCB-420A-B334-220DEB26DAF5}.Release|Any CPU.ActiveCfg = Release|Any CPU
		{16650831-CBCB-420A-B334-220DEB26DAF5}.Release|Any CPU.Build.0 = Release|Any CPU
		{A836534A-D779-4CE6-B22A-598C398B538A}.Debug|Any CPU.ActiveCfg = Debug|Any CPU
		{A836534A-D779-4CE6-B22A-598C398B538A}.Debug|Any CPU.Build.0 = Debug|Any CPU
		{A836534A-D779-4CE6-B22A-598C398B538A}.Release|Any CPU.ActiveCfg = Release|Any CPU
		{A836534A-D779-4CE6-B22A-598C398B538A}.Release|Any CPU.Build.0 = Release|Any CPU
		{8187D262-84CE-4E0D-831D-005140A75A0F}.Debug|Any CPU.ActiveCfg = Debug|Any CPU
		{8187D262-84CE-4E0D-831D-005140A75A0F}.Debug|Any CPU.Build.0 = Debug|Any CPU
		{8187D262-84CE-4E0D-831D-005140A75A0F}.Release|Any CPU.ActiveCfg = Release|Any CPU
		{8187D262-84CE-4E0D-831D-005140A75A0F}.Release|Any CPU.Build.0 = Release|Any CPU
		{728518E2-47DB-4DB3-AE3C-45A50A952147}.Debug|Any CPU.ActiveCfg = Debug|Any CPU
		{728518E2-47DB-4DB3-AE3C-45A50A952147}.Debug|Any CPU.Build.0 = Debug|Any CPU
		{728518E2-47DB-4DB3-AE3C-45A50A952147}.Release|Any CPU.ActiveCfg = Release|Any CPU
		{728518E2-47DB-4DB3-AE3C-45A50A952147}.Release|Any CPU.Build.0 = Release|Any CPU
	EndGlobalSection
	GlobalSection(SolutionProperties) = preSolution
		HideSolutionNode = FALSE
	EndGlobalSection
	GlobalSection(NestedProjects) = preSolution
		{C1240860-8C04-4479-B6A2-553C6F774A2B} = {36D591C7-65C7-A0D1-1CBC-10CDE441BDC8}
		{32ED466B-40E1-4F8A-88F3-5D380596932D} = {36D591C7-65C7-A0D1-1CBC-10CDE441BDC8}
		{86A8A089-0456-4044-8CD8-954AF2290477} = {36D591C7-65C7-A0D1-1CBC-10CDE441BDC8}
		{F7AA9F20-10BA-4A71-B31A-AB20A54B85A7} = {79AFA79C-8AC7-4278-9318-38E3A600D31B}
		{2818796B-80DF-4FBD-B3C3-A12D8AD2B59A} = {79AFA79C-8AC7-4278-9318-38E3A600D31B}
		{6A8A1A6B-87A2-4208-8F83-9F29C421DBCB} = {79AFA79C-8AC7-4278-9318-38E3A600D31B}
		{ADC33929-F46D-4F76-8673-0DA596017C3C} = {7F304F1A-85B8-4EFA-9952-E9FE6786E855}
		{4A239CE3-C599-4104-988B-E8E2EA9DD424} = {7F304F1A-85B8-4EFA-9952-E9FE6786E855}
		{E455C434-BD43-4660-A614-CBDCBD26F713} = {7F304F1A-85B8-4EFA-9952-E9FE6786E855}
		{9295CE3E-CD4D-4C29-A628-4E54D737C16E} = {74B1A257-898A-4A0F-96CF-FF40AD0C54E1}
		{42384F09-DE17-4816-BB02-93909B6E819D} = {74B1A257-898A-4A0F-96CF-FF40AD0C54E1}
		{9F1CC3BC-D6FA-4634-B245-46113CE46709} = {74B1A257-898A-4A0F-96CF-FF40AD0C54E1}
		{D83759D7-E420-438C-B33E-4BCBEFCC8063} = {21081F17-0458-46A4-B436-696BD0E17AF2}
		{2AD6FF8D-E78A-47EF-A3BD-715B408ADF28} = {21081F17-0458-46A4-B436-696BD0E17AF2}
		{57577162-C14E-4F7B-B5CC-9C3635F418B1} = {21081F17-0458-46A4-B436-696BD0E17AF2}
		{DEC13D13-B8E5-4C25-BCC2-E0861C3C8B6D} = {283A7C46-EE98-43EE-9DF3-BBD6229C3182}
		{1C3A0C52-8F00-4CE0-AEC0-B31D7BAF4A21} = {283A7C46-EE98-43EE-9DF3-BBD6229C3182}
		{16650831-CBCB-420A-B334-220DEB26DAF5} = {283A7C46-EE98-43EE-9DF3-BBD6229C3182}
		{A836534A-D779-4CE6-B22A-598C398B538A} = {81990567-4BF8-4550-9513-4BEFFBAE6054}
		{8187D262-84CE-4E0D-831D-005140A75A0F} = {81990567-4BF8-4550-9513-4BEFFBAE6054}
		{728518E2-47DB-4DB3-AE3C-45A50A952147} = {81990567-4BF8-4550-9513-4BEFFBAE6054}
	EndGlobalSection
	GlobalSection(ExtensibilityGlobals) = postSolution
		SolutionGuid = {C66A1B9C-0BC7-4781-B37F-E9C914ED7951}
	EndGlobalSection
EndGlobal
